
Microsoft Visual Studio Solution File, Format Version 12.00
# Visual Studio Version 17
VisualStudioVersion = 17.10.35027.167
MinimumVisualStudioVersion = 10.0.40219.1
Project("{2150E333-8FDC-42A3-9474-1A3956D46DE8}") = "1.Apresentacao", "1.Apresentacao", "{FC361D75-CD61-4797-B8CC-B7B58DC2B2E2}"
EndProject
Project("{2150E333-8FDC-42A3-9474-1A3956D46DE8}") = "1.1.ConsoleApp", "1.1.ConsoleApp", "{5EF22345-EB16-4018-A9BD-F9BEAEA79301}"
EndProject
Project("{9A19103F-16F7-4668-BE54-9A1E7A4F7556}") = "ConversorDeAlgarismos.ConsoleApp", "ConversorDeAlgarismos.ConsoleApp\ConversorDeAlgarismos.ConsoleApp.csproj", "{2E7F1F8E-B3D9-4B42-BCD2-8E067DFEC722}"
EndProject
Project("{2150E333-8FDC-42A3-9474-1A3956D46DE8}") = "2.Aplicacao", "2.Aplicacao", "{CA686224-110E-4CDF-848F-029CFE0B822A}"
EndProject
Project("{FAE04EC0-301F-11D3-BF4B-00C04F79EFBC}") = "ConversorDeAlgarismos.Aplicacao", "ConversorDeAlgarismos.Aplicacao\ConversorDeAlgarismos.Aplicacao.csproj", "{5ABB5C51-B281-4B48-832E-9C320722391C}"
EndProject
Project("{2150E333-8FDC-42A3-9474-1A3956D46DE8}") = "3.Testes", "3.Testes", "{9FED44B6-B0AD-4C07-8310-F663AA57857F}"
EndProject
Project("{FAE04EC0-301F-11D3-BF4B-00C04F79EFBC}") = "ConversorDeAlgarismos.Testes", "ConversorDeAlgarismos.Testes\ConversorDeAlgarismos.Testes.csproj", "{5A7764FB-4D3F-41BF-BE85-DDF7482E1E62}"
EndProject
Global
	GlobalSection(SolutionConfigurationPlatforms) = preSolution
		Debug|Any CPU = Debug|Any CPU
		Release|Any CPU = Release|Any CPU
	EndGlobalSection
	GlobalSection(ProjectConfigurationPlatforms) = postSolution
		{2E7F1F8E-B3D9-4B42-BCD2-8E067DFEC722}.Debug|Any CPU.ActiveCfg = Debug|Any CPU
		{2E7F1F8E-B3D9-4B42-BCD2-8E067DFEC722}.Debug|Any CPU.Build.0 = Debug|Any CPU
		{2E7F1F8E-B3D9-4B42-BCD2-8E067DFEC722}.Release|Any CPU.ActiveCfg = Release|Any CPU
		{2E7F1F8E-B3D9-4B42-BCD2-8E067DFEC722}.Release|Any CPU.Build.0 = Release|Any CPU
		{5ABB5C51-B281-4B48-832E-9C320722391C}.Debug|Any CPU.ActiveCfg = Debug|Any CPU
		{5ABB5C51-B281-4B48-832E-9C320722391C}.Debug|Any CPU.Build.0 = Debug|Any CPU
		{5ABB5C51-B281-4B48-832E-9C320722391C}.Release|Any CPU.ActiveCfg = Release|Any CPU
		{5ABB5C51-B281-4B48-832E-9C320722391C}.Release|Any CPU.Build.0 = Release|Any CPU
		{5A7764FB-4D3F-41BF-BE85-DDF7482E1E62}.Debug|Any CPU.ActiveCfg = Debug|Any CPU
		{5A7764FB-4D3F-41BF-BE85-DDF7482E1E62}.Debug|Any CPU.Build.0 = Debug|Any CPU
		{5A7764FB-4D3F-41BF-BE85-DDF7482E1E62}.Release|Any CPU.ActiveCfg = Release|Any CPU
		{5A7764FB-4D3F-41BF-BE85-DDF7482E1E62}.Release|Any CPU.Build.0 = Release|Any CPU
	EndGlobalSection
	GlobalSection(SolutionProperties) = preSolution
		HideSolutionNode = FALSE
	EndGlobalSection
	GlobalSection(NestedProjects) = preSolution
		{5EF22345-EB16-4018-A9BD-F9BEAEA79301} = {FC361D75-CD61-4797-B8CC-B7B58DC2B2E2}
		{2E7F1F8E-B3D9-4B42-BCD2-8E067DFEC722} = {5EF22345-EB16-4018-A9BD-F9BEAEA79301}
		{5ABB5C51-B281-4B48-832E-9C320722391C} = {CA686224-110E-4CDF-848F-029CFE0B822A}
		{5A7764FB-4D3F-41BF-BE85-DDF7482E1E62} = {9FED44B6-B0AD-4C07-8310-F663AA57857F}
	EndGlobalSection
	GlobalSection(ExtensibilityGlobals) = postSolution
		SolutionGuid = {F8EB24F3-DEE1-407E-886A-8A77A554CEEB}
	EndGlobalSection
EndGlobal
